<?xml version="1.0" encoding="utf-8"?>
<Project ToolsVersion="4.0" xmlns="http://schemas.microsoft.com/developer/msbuild/2003">
  <ItemGroup>
    <Filter Include="Archivos de origen">
      <UniqueIdentifier>{4FC737F1-C7A5-4376-A066-2A32D752A2FF}</UniqueIdentifier>
      <Extensions>cpp;c;cc;cxx;c++;cppm;ixx;def;odl;idl;hpj;bat;asm;asmx</Extensions>
    </Filter>
    <Filter Include="Archivos de encabezado">
      <UniqueIdentifier>{93995380-89BD-4b04-88EB-625FBE52EBFB}</UniqueIdentifier>
      <Extensions>h;hh;hpp;hxx;h++;hm;inl;inc;ipp;xsd</Extensions>
    </Filter>
    <Filter Include="Archivos de recursos">
      <UniqueIdentifier>{67DA6AB6-F800-4c08-8B7A-83BB121AAD01}</UniqueIdentifier>
      <Extensions>rc;ico;cur;bmp;dlg;rc2;rct;bin;rgs;gif;jpg;jpeg;jpe;resx;tiff;tif;png;wav;mfcribbon-ms</Extensions>
    </Filter>
  </ItemGroup>
  <ItemGroup>
    <ClCompile Include="glad.c">
      <Filter>Archivos de origen</Filter>
    </ClCompile>
    <ClCompile Include="1.-Inicio\1.1.-Ventana\ventan.cpp">
      <Filter>Archivos de origen</Filter>
    </ClCompile>
    <ClCompile Include="1.-Inicio\1.2.-Triangulo\triangulo.cpp">
      <Filter>Archivos de origen</Filter>
    </ClCompile>
    <ClCompile Include="1.-Inicio\1.3.-Trianguloindece\trianguloindice.cpp">
      <Filter>Archivos de origen</Filter>
    </ClCompile>
    <ClCompile Include="1.-Inicio\2.1.-Shader\shaders.cpp">
      <Filter>Archivos de origen</Filter>
    </ClCompile>
    <ClCompile Include="1.-Inicio\2.2.-ShaderColor\shaderColor.cpp">
      <Filter>Archivos de origen</Filter>
    </ClCompile>
    <ClCompile Include="1.-Inicio\2.3.-ShaderClass\shader_clas.cpp">
      <Filter>Archivos de origen</Filter>
    </ClCompile>
    <ClCompile Include="clases\Shader.cpp">
      <Filter>Archivos de origen</Filter>
    </ClCompile>
    <ClCompile Include="1.-Inicio\3.1.-Texturas\textura.cpp">
      <Filter>Archivos de origen</Filter>
    </ClCompile>
    <ClCompile Include="stb_image.cpp">
      <Filter>Archivos de origen</Filter>
    </ClCompile>
    <ClCompile Include="1.-Inicio\3.2.-TexturaCombinada\texturascombinadas.cpp">
      <Filter>Archivos de origen</Filter>
    </ClCompile>
    <ClCompile Include="1.-Inicio\4.1.-Tranformacion\glm.cpp">
      <Filter>Archivos de origen</Filter>
    </ClCompile>
    <ClCompile Include="1.-Inicio\5.1.-SistemaCordenada\sistemas_cordenada.cpp">
      <Filter>Archivos de origen</Filter>
    </ClCompile>
    <ClCompile Include="1.-Inicio\5.2.-SistemaCordenadaRotacion\sistemas_cordenada_rotar.cpp">
      <Filter>Archivos de origen</Filter>
    </ClCompile>
    <ClCompile Include="1.-Inicio\5.3.-SistemaCordenadasCubos\sistemas_cordenada_cubos.cpp">
      <Filter>Archivos de origen</Filter>
    </ClCompile>
    <ClCompile Include="1.-Inicio\6.1.-Camara\camara.cpp">
      <Filter>Archivos de origen</Filter>
    </ClCompile>
    <ClCompile Include="1.-Inicio\6.2.-CamaraVuelta\camara_vuelta.cpp">
      <Filter>Archivos de origen</Filter>
    </ClCompile>
    <ClCompile Include="1.-Inicio\6.2.-CamaraVuelta\Source.cpp">
      <Filter>Archivos de origen</Filter>
    </ClCompile>
    <ClCompile Include="1.-Inicio\6.3.-CamaraRotacion\camara_rotacion.cpp">
      <Filter>Archivos de origen</Filter>
    </ClCompile>
    <ClCompile Include="1.-Inicio\6.4.-CamaraClass\camara_class.cpp">
      <Filter>Archivos de origen</Filter>
    </ClCompile>
    <ClCompile Include="clases\CamaraClass.cpp">
      <Filter>Archivos de origen</Filter>
    </ClCompile>
    <ClCompile Include="2.-Iluminacion\2.1.-Color\color.cpp">
      <Filter>Archivos de origen</Filter>
    </ClCompile>
    <ClCompile Include="2.-Iluminacion\2.2.-IluminacionBasica\iluminacion.cpp">
      <Filter>Archivos de origen</Filter>
    </ClCompile>
    <ClCompile Include="2.-Iluminacion\2.3.-IluminacionDifusa\iluminacion._difusa.cpp">
      <Filter>Archivos de origen</Filter>
    </ClCompile>
    <ClCompile Include="2.-Iluminacion\2.4.-IluminacionEspecular\iluminacion._especular.cpp">
      <Filter>Archivos de origen</Filter>
    </ClCompile>
    <ClCompile Include="2.-Iluminacion\2.5.-IluminacionMovimiento\iluminacion._movimiento.cpp">
      <Filter>Archivos de origen</Filter>
    </ClCompile>
    <ClCompile Include="2.-Iluminacion\2.6.-IluminacionPong\iluminacion._pong.cpp">
      <Filter>Archivos de origen</Filter>
    </ClCompile>
    <ClCompile Include="2.-Iluminacion\3.1.-Materirales\materiales.cpp">
      <Filter>Archivos de origen</Filter>
    </ClCompile>
    <ClCompile Include="2.-Iluminacion\4.1.-LuzMapa\luz_mapa.cpp">
      <Filter>Archivos de origen</Filter>
    </ClCompile>
    <ClCompile Include="2.-Iluminacion\4.2.-LuzMapaSpecular\luz_mapa_specular.cpp">
      <Filter>Archivos de origen</Filter>
    </ClCompile>
    <ClCompile Include="2.-Iluminacion\4.3.-LanzadorLuz\lanzador_luz.cpp">
      <Filter>Archivos de origen</Filter>
    </ClCompile>
    <ClCompile Include="2.-Iluminacion\4.4.-LucesPuntuales\puntual_luz.cpp">
      <Filter>Archivos de origen</Filter>
    </ClCompile>
    <ClCompile Include="2.-Iluminacion\4.5.-LuzLinterna\luz_lintena.cpp">
      <Filter>Archivos de origen</Filter>
    </ClCompile>
    <ClCompile Include="2.-Iluminacion\4.6.-LuzLinternaLisos\luz_lintena_lisos.cpp">
      <Filter>Archivos de origen</Filter>
    </ClCompile>
    <ClCompile Include="2.-Iluminacion\4.7.-LucesMultiples\luces_multiples.cpp">
      <Filter>Archivos de origen</Filter>
    </ClCompile>
    <ClCompile Include="clases\Mesh.cpp">
      <Filter>Archivos de origen</Filter>
    </ClCompile>
    <ClCompile Include="clases\Model.cpp">
      <Filter>Archivos de origen</Filter>
    </ClCompile>
    <ClCompile Include="3.-CargarModelo\3.1.-cargador_modelo\cargar_modelo.cpp">
      <Filter>Archivos de origen</Filter>
    </ClCompile>
    <ClCompile Include="4.OpenGLAvanzado\4.1.-PruebaProfunda\prueba_profunda.cpp">
      <Filter>Archivos de origen</Filter>
    </ClCompile>
    <ClCompile Include="4.OpenGLAvanzado\4.2.-PruebaStencill\prueba_stencil.cpp">
      <Filter>Archivos de origen</Filter>
    </ClCompile>
  </ItemGroup>
  <ItemGroup>
    <ClInclude Include="clases\Shader.h">
      <Filter>Archivos de encabezado</Filter>
    </ClInclude>
    <ClInclude Include="clases\CamaraClass.h">
      <Filter>Archivos de encabezado</Filter>
    </ClInclude>
    <ClInclude Include="clases\Mesh.h">
      <Filter>Archivos de encabezado</Filter>
    </ClInclude>
    <ClInclude Include="clases\Model.h">
      <Filter>Archivos de encabezado</Filter>
    </ClInclude>
    <ClInclude Include="clases\filesystem.h">
      <Filter>Archivos de encabezado</Filter>
    </ClInclude>
    <ClInclude Include="clases\root_directory.h">
      <Filter>Archivos de encabezado</Filter>
    </ClInclude>
  </ItemGroup>
  <ItemGroup>
    <None Include="1.-Inicio\2.3.-ShaderClass\shader.vs" />
    <None Include="1.-Inicio\2.3.-ShaderClass\shader.fs" />
    <None Include="1.-Inicio\3.1.-Texturas\shader.vs" />
    <None Include="1.-Inicio\3.1.-Texturas\shader.fs" />
    <None Include="1.-Inicio\3.2.-TexturaCombinada\shader.fs" />
    <None Include="1.-Inicio\3.2.-TexturaCombinada\shader.vs" />
    <None Include="1.-Inicio\4.1.-Tranformacion\shader.vs" />
    <None Include="1.-Inicio\4.1.-Tranformacion\shader.fs" />
    <None Include="1.-Inicio\5.1.-SistemaCordenada\shader.vs" />
    <None Include="1.-Inicio\5.1.-SistemaCordenada\shader.fs" />
    <None Include="1.-Inicio\5.2.-SistemaCordenadaRotacion\shader.fs" />
    <None Include="1.-Inicio\5.2.-SistemaCordenadaRotacion\shader.vs" />
    <None Include="1.-Inicio\5.3.-SistemaCordenadasCubos\shader.fs" />
    <None Include="1.-Inicio\5.3.-SistemaCordenadasCubos\shader.vs" />
    <None Include="1.-Inicio\6.1.-Camara\shader.fs" />
    <None Include="1.-Inicio\6.1.-Camara\shader.vs" />
    <None Include="1.-Inicio\6.2.-CamaraVuelta\shader.fs" />
    <None Include="1.-Inicio\6.2.-CamaraVuelta\shader.vs" />
    <None Include="1.-Inicio\6.3.-CamaraRotacion\shader.fs" />
    <None Include="1.-Inicio\6.3.-CamaraRotacion\shader.vs" />
    <None Include="1.-Inicio\6.4.-CamaraClass\shader.fs" />
    <None Include="1.-Inicio\6.4.-CamaraClass\shader.vs" />
    <None Include="2.-Iluminacion\2.1.-Color\color.fs" />
    <None Include="2.-Iluminacion\2.1.-Color\color.vs" />
    <None Include="2.-Iluminacion\2.1.-Color\cubo.vs" />
    <None Include="2.-Iluminacion\2.1.-Color\cubo.fs" />
    <None Include="2.-Iluminacion\2.2.-IluminacionBasica\color.fs" />
    <None Include="2.-Iluminacion\2.2.-IluminacionBasica\color.vs" />
    <None Include="2.-Iluminacion\2.2.-IluminacionBasica\cubo.fs" />
    <None Include="2.-Iluminacion\2.2.-IluminacionBasica\cubo.vs" />
    <None Include="2.-Iluminacion\2.3.-IluminacionDifusa\color.fs" />
    <None Include="2.-Iluminacion\2.3.-IluminacionDifusa\cubo.fs" />
    <None Include="2.-Iluminacion\2.3.-IluminacionDifusa\color.vs" />
    <None Include="2.-Iluminacion\2.3.-IluminacionDifusa\cubo.vs" />
    <None Include="2.-Iluminacion\2.4.-IluminacionEspecular\color.fs" />
    <None Include="2.-Iluminacion\2.4.-IluminacionEspecular\color.vs" />
    <None Include="2.-Iluminacion\2.4.-IluminacionEspecular\cubo.fs" />
    <None Include="2.-Iluminacion\2.4.-IluminacionEspecular\cubo.vs" />
    <None Include="2.-Iluminacion\2.5.-IluminacionMovimiento\color.fs" />
    <None Include="2.-Iluminacion\2.5.-IluminacionMovimiento\color.vs" />
    <None Include="2.-Iluminacion\2.5.-IluminacionMovimiento\cubo.fs" />
    <None Include="2.-Iluminacion\2.5.-IluminacionMovimiento\cubo.vs" />
    <None Include="2.-Iluminacion\2.6.-IluminacionPong\color.fs" />
    <None Include="2.-Iluminacion\2.6.-IluminacionPong\color.vs" />
    <None Include="2.-Iluminacion\2.6.-IluminacionPong\cubo.fs" />
    <None Include="2.-Iluminacion\2.6.-IluminacionPong\cubo.vs" />
    <None Include="2.-Iluminacion\3.1.-Materirales\material.fs" />
    <None Include="2.-Iluminacion\3.1.-Materirales\material.vs" />
    <None Include="2.-Iluminacion\3.1.-Materirales\luz.fs" />
    <None Include="2.-Iluminacion\3.1.-Materirales\luz.vs" />
    <None Include="2.-Iluminacion\4.1.-LuzMapa\luz.fs" />
    <None Include="2.-Iluminacion\4.1.-LuzMapa\luz.vs" />
    <None Include="2.-Iluminacion\4.1.-LuzMapa\material.fs" />
    <None Include="2.-Iluminacion\4.1.-LuzMapa\material.vs" />
    <None Include="2.-Iluminacion\4.2.-LuzMapaSpecular\luz.fs" />
    <None Include="2.-Iluminacion\4.2.-LuzMapaSpecular\luz.vs" />
    <None Include="2.-Iluminacion\4.2.-LuzMapaSpecular\material.fs" />
    <None Include="2.-Iluminacion\4.2.-LuzMapaSpecular\material.vs" />
    <None Include="2.-Iluminacion\4.3.-LanzadorLuz\luz.fs" />
    <None Include="2.-Iluminacion\4.3.-LanzadorLuz\luz.vs" />
    <None Include="2.-Iluminacion\4.3.-LanzadorLuz\material.vs" />
    <None Include="2.-Iluminacion\4.3.-LanzadorLuz\material.fs" />
    <None Include="2.-Iluminacion\4.4.-LucesPuntuales\luz.fs" />
    <None Include="2.-Iluminacion\4.4.-LucesPuntuales\luz.vs" />
    <None Include="2.-Iluminacion\4.4.-LucesPuntuales\material.fs" />
    <None Include="2.-Iluminacion\4.4.-LucesPuntuales\material.vs" />
    <None Include="2.-Iluminacion\4.5.-LuzLinterna\luz.fs" />
    <None Include="2.-Iluminacion\4.5.-LuzLinterna\luz.vs" />
    <None Include="2.-Iluminacion\4.5.-LuzLinterna\material.fs" />
    <None Include="2.-Iluminacion\4.5.-LuzLinterna\material.vs" />
    <None Include="2.-Iluminacion\4.6.-LuzLinternaLisos\luz.fs" />
    <None Include="2.-Iluminacion\4.6.-LuzLinternaLisos\luz.vs" />
    <None Include="2.-Iluminacion\4.6.-LuzLinternaLisos\material.fs" />
    <None Include="2.-Iluminacion\4.6.-LuzLinternaLisos\material.vs" />
    <None Include="2.-Iluminacion\4.7.-LucesMultiples\luz.fs" />
    <None Include="2.-Iluminacion\4.7.-LucesMultiples\luz.vs" />
    <None Include="2.-Iluminacion\4.7.-LucesMultiples\material.fs" />
    <None Include="2.-Iluminacion\4.7.-LucesMultiples\material.vs" />
    <None Include="3.-CargarModelo\3.1.-cargador_modelo\cargar_modelo.vs" />
    <None Include="3.-CargarModelo\3.1.-cargador_modelo\cargar_modelo.fs" />
    <None Include="assimp-vc143-mtd.dll" />
    <None Include="Objetos\Survival_BackPack_2\Survival_BackPack_2.fbx" />
    <None Include="4.OpenGLAvanzado\4.1.-PruebaProfunda\prueba.fs" />
    <None Include="4.OpenGLAvanzado\4.1.-PruebaProfunda\prueba.vs" />
    <None Include="4.OpenGLAvanzado\4.2.-PruebaStencill\stencil.vs" />
    <None Include="4.OpenGLAvanzado\4.2.-PruebaStencill\stencil.fs" />
  </ItemGroup>
  <ItemGroup>
    <Image Include="textura\container.jpg">
      <Filter>Archivos de recursos</Filter>
    </Image>
    <Image Include="textura\awesomeface.png">
      <Filter>Archivos de recursos</Filter>
    </Image>
    <Image Include="textura\container2.png">
      <Filter>Archivos de recursos</Filter>
    </Image>
    <Image Include="textura\container2_specular.png">
      <Filter>Archivos de recursos</Filter>
    </Image>
    <Image Include="Objetos\Survival_BackPack_2\1001_albedo.jpg">
      <Filter>Archivos de recursos</Filter>
    </Image>
    <Image Include="Objetos\Survival_BackPack_2\1001_AO.jpg">
      <Filter>Archivos de recursos</Filter>
    </Image>
    <Image Include="Objetos\Survival_BackPack_2\1001_metallic.jpg">
      <Filter>Archivos de recursos</Filter>
    </Image>
    <Image Include="Objetos\Survival_BackPack_2\1001_normal.png">
      <Filter>Archivos de recursos</Filter>
    </Image>
    <Image Include="Objetos\Survival_BackPack_2\1001_roughness.jpg">
      <Filter>Archivos de recursos</Filter>
    </Image>
    <Image Include="textura\marble.jpg">
      <Filter>Archivos de recursos</Filter>
    </Image>
    <Image Include="textura\metal.png">
      <Filter>Archivos de recursos</Filter>
    </Image>
  </ItemGroup>
</Project>